
Microsoft Visual Studio Solution File, Format Version 12.00
# Visual Studio 15
VisualStudioVersion = 15.0.26730.16
MinimumVisualStudioVersion = 10.0.40219.1
Project("{FAE04EC0-301F-11D3-BF4B-00C04F79EFBC}") = "SirigalaAlexApi", "SirigalaAlexApi\SirigalaAlexApi.csproj", "{53391D77-8D61-425B-A77C-C9C76A1C22F2}"
EndProject
Global
	GlobalSection(SolutionConfigurationPlatforms) = preSolution
		Debug|Any CPU = Debug|Any CPU
		Release|Any CPU = Release|Any CPU
	EndGlobalSection
	GlobalSection(ProjectConfigurationPlatforms) = postSolution
		{53391D77-8D61-425B-A77C-C9C76A1C22F2}.Debug|Any CPU.ActiveCfg = Debug|Any CPU
		{53391D77-8D61-425B-A77C-C9C76A1C22F2}.Debug|Any CPU.Build.0 = Debug|Any CPU
		{53391D77-8D61-425B-A77C-C9C76A1C22F2}.Release|Any CPU.ActiveCfg = Release|Any CPU
		{53391D77-8D61-425B-A77C-C9C76A1C22F2}.Release|Any CPU.Build.0 = Release|Any CPU
	EndGlobalSection
	GlobalSection(SolutionProperties) = preSolution
		HideSolutionNode = FALSE
	EndGlobalSection
	GlobalSection(ExtensibilityGlobals) = postSolution
		SolutionGuid = {EC9052D3-61A5-4F42-9C70-46A73CFC49B8}
	EndGlobalSection
EndGlobal
